
Microsoft Visual Studio Solution File, Format Version 12.00
# Visual Studio Version 17
VisualStudioVersion = 17.9.34728.123
MinimumVisualStudioVersion = 10.0.40219.1
Project("{FAE04EC0-301F-11D3-BF4B-00C04F79EFBC}") = "NLP_WordStemming", "NLP_WordStemming.csproj", "{6DEB6163-78B4-4486-9450-E5B19F569A0D}"
EndProject
Global
	GlobalSection(SolutionConfigurationPlatforms) = preSolution
		Debug|Any CPU = Debug|Any CPU
		Release|Any CPU = Release|Any CPU
	EndGlobalSection
	GlobalSection(ProjectConfigurationPlatforms) = postSolution
		{6DEB6163-78B4-4486-9450-E5B19F569A0D}.Debug|Any CPU.ActiveCfg = Debug|Any CPU
		{6DEB6163-78B4-4486-9450-E5B19F569A0D}.Debug|Any CPU.Build.0 = Debug|Any CPU
		{6DEB6163-78B4-4486-9450-E5B19F569A0D}.Release|Any CPU.ActiveCfg = Release|Any CPU
		{6DEB6163-78B4-4486-9450-E5B19F569A0D}.Release|Any CPU.Build.0 = Release|Any CPU
	EndGlobalSection
	GlobalSection(SolutionProperties) = preSolution
		HideSolutionNode = FALSE
	EndGlobalSection
	GlobalSection(ExtensibilityGlobals) = postSolution
		SolutionGuid = {2B45B618-80D3-4CFF-BACB-2F47BC73CA60}
	EndGlobalSection
EndGlobal
